{
  "version": 4,
  "terraform_version": "1.2.5",
  "serial": 10,
  "lineage": "578a7544-2c3d-9dce-2fcf-389ac986a875",
  "outputs": {},
  "resources": [
    {
      "module": "module.aws_key_pair",
      "mode": "managed",
      "type": "aws_key_pair",
      "name": "ssh_key",
      "provider": "provider[\"registry.terraform.io/hashicorp/aws\"]",
      "instances": [
        {
          "schema_version": 1,
          "attributes": {
            "arn": "arn:aws:ec2:us-east-1:160328612659:key-pair/ssh-key",
            "fingerprint": "77:21:82:2e:c5:4c:97:bf:9e:06:eb:f7:95:ef:31:f6",
            "id": "ssh-key",
            "key_name": "ssh-key",
            "key_name_prefix": "",
            "key_pair_id": "key-00f93534bf810ba1c",
            "key_type": "rsa",
            "public_key": "ssh-rsa AAAAB3NzaC1yc2EAAAADAQABAAABAQCAg5P+o4nBeHsqPbk0lSlmbk9T6f9/sy7lNOg/oUzNmM9EQTXokLBHK3WRYiSbt5qNC81J9VX8adQCzb6Mv5c6njodDrp+WzRdZbNumoDWCxWAbYkcurrEkz5ALkDhe3WjL4EiC/3lnpY2sKOFc2wW+rAd+iG2pbXKVAmPQy/6njgg5/YMMIRuzpt06HXuG1GmiDTF6fdE1/bnD5/dxnz4mR1yLEc6wV7aeYVCiB87fxEfiGK/MiDLNd6TyHlvmSayvJNFnM8poGQBu0K7RJVDyjGfyYdH7vBGltnio0kPp3Umo9OS37oXXVbWb4iTg6XjLgP96qS2sftvFEK6pSPf",
            "tags": null,
            "tags_all": {}
          },
          "sensitive_attributes": [],
          "private": "eyJzY2hlbWFfdmVyc2lvbiI6IjEifQ=="
        }
      ]
    },
    {
      "module": "module.ec2_instances",
      "mode": "managed",
      "type": "aws_instance",
      "name": "app_server",
      "provider": "provider[\"registry.terraform.io/hashicorp/aws\"]",
      "instances": [
        {
          "schema_version": 1,
          "attributes": {
            "ami": "ami-0cff7528ff583bf9a",
            "arn": "arn:aws:ec2:us-east-1:160328612659:instance/i-0afa2d7a0c2b7d192",
            "associate_public_ip_address": true,
            "availability_zone": "us-east-1a",
            "capacity_reservation_specification": [
              {
                "capacity_reservation_preference": "open",
                "capacity_reservation_target": []
              }
            ],
            "cpu_core_count": 1,
            "cpu_threads_per_core": 1,
            "credit_specification": [
              {
                "cpu_credits": "standard"
              }
            ],
            "disable_api_stop": false,
            "disable_api_termination": false,
            "ebs_block_device": [],
            "ebs_optimized": false,
            "enclave_options": [
              {
                "enabled": false
              }
            ],
            "ephemeral_block_device": [],
            "get_password_data": false,
            "hibernation": false,
            "host_id": null,
            "iam_instance_profile": "",
            "id": "i-0afa2d7a0c2b7d192",
            "instance_initiated_shutdown_behavior": "stop",
            "instance_state": "running",
            "instance_type": "t2.micro",
            "ipv6_address_count": 0,
            "ipv6_addresses": [],
            "key_name": "ssh-key",
            "launch_template": [],
            "maintenance_options": [
              {
                "auto_recovery": "default"
              }
            ],
            "metadata_options": [
              {
                "http_endpoint": "enabled",
                "http_put_response_hop_limit": 1,
                "http_tokens": "optional",
                "instance_metadata_tags": "disabled"
              }
            ],
            "monitoring": false,
            "network_interface": [],
            "outpost_arn": "",
            "password_data": "",
            "placement_group": "",
            "placement_partition_number": null,
            "primary_network_interface_id": "eni-05bde63bbefe4aeb5",
            "private_dns": "ip-172-31-84-31.ec2.internal",
            "private_dns_name_options": [
              {
                "enable_resource_name_dns_a_record": false,
                "enable_resource_name_dns_aaaa_record": false,
                "hostname_type": "ip-name"
              }
            ],
            "private_ip": "172.31.84.31",
            "public_dns": "ec2-54-83-144-37.compute-1.amazonaws.com",
            "public_ip": "54.83.144.37",
            "root_block_device": [
              {
                "delete_on_termination": true,
                "device_name": "/dev/xvda",
                "encrypted": false,
                "iops": 100,
                "kms_key_id": "",
                "tags": {},
                "throughput": 0,
                "volume_id": "vol-03beb0a484b3ebf19",
                "volume_size": 8,
                "volume_type": "gp2"
              }
            ],
            "secondary_private_ips": [],
            "security_groups": [
              "default"
            ],
            "source_dest_check": true,
            "subnet_id": "subnet-057b2d8a5b02ada70",
            "tags": {
              "Name": "App server"
            },
            "tags_all": {
              "Name": "App server"
            },
            "tenancy": "default",
            "timeouts": null,
            "user_data": null,
            "user_data_base64": null,
            "user_data_replace_on_change": false,
            "volume_tags": null,
            "vpc_security_group_ids": [
              "sg-023961e9cf0f4ef3c"
            ]
          },
          "sensitive_attributes": [],
          "private": "eyJlMmJmYjczMC1lY2FhLTExZTYtOGY4OC0zNDM2M2JjN2M0YzAiOnsiY3JlYXRlIjo2MDAwMDAwMDAwMDAsImRlbGV0ZSI6MTIwMDAwMDAwMDAwMCwidXBkYXRlIjo2MDAwMDAwMDAwMDB9LCJzY2hlbWFfdmVyc2lvbiI6IjEifQ==",
          "dependencies": [
            "module.aws_key_pair.aws_key_pair.ssh_key"
          ]
        }
      ]
    }
  ]
}
